
Microsoft Visual Studio Solution File, Format Version 11.00
# Visual Studio 2010
Project("{FAE04EC0-301F-11D3-BF4B-00C04F79EFBC}") = "jQueryTemplates", "jQueryTemplates\jQueryTemplates.csproj", "{381E90F2-CE06-4028-8484-36CE59537A23}"
EndProject
Global
	GlobalSection(SolutionConfigurationPlatforms) = preSolution
		Debug|Any CPU = Debug|Any CPU
		Release|Any CPU = Release|Any CPU
	EndGlobalSection
	GlobalSection(ProjectConfigurationPlatforms) = postSolution
		{381E90F2-CE06-4028-8484-36CE59537A23}.Debug|Any CPU.ActiveCfg = Debug|Any CPU
		{381E90F2-CE06-4028-8484-36CE59537A23}.Debug|Any CPU.Build.0 = Debug|Any CPU
		{381E90F2-CE06-4028-8484-36CE59537A23}.Release|Any CPU.ActiveCfg = Release|Any CPU
		{381E90F2-CE06-4028-8484-36CE59537A23}.Release|Any CPU.Build.0 = Release|Any CPU
	EndGlobalSection
	GlobalSection(SolutionProperties) = preSolution
		HideSolutionNode = FALSE
	EndGlobalSection
	GlobalSection(SpecExplorer.ActivityCompletionStatus) = preSolution
		SpecExplorer.ActivityCompletionStatus = TestExisting: ;ModelFromScratch: 
	EndGlobalSection
EndGlobal
